
Microsoft Visual Studio Solution File, Format Version 12.00
# Visual Studio 2013
VisualStudioVersion = 12.0.31101.0
MinimumVisualStudioVersion = 12.0.31101.0
Project("{FAE04EC0-301F-11D3-BF4B-00C04F79EFBC}") = "OpenTK.iOS", "Source\OpenTK\OpenTK.iOS.csproj", "{88368190-E3DF-4EBE-ACAA-7B1779F376CA}"
	ProjectSection(ProjectDependencies) = postProject
		{75DC22B1-113F-4A66-96B9-2FF8208C10E8} = {75DC22B1-113F-4A66-96B9-2FF8208C10E8}
		{C426C9D1-8857-4E52-BAC7-4C05EE6070AB} = {C426C9D1-8857-4E52-BAC7-4C05EE6070AB}
	EndProjectSection
EndProject
Project("{2150E333-8FDC-42A3-9474-1A3956D46DE8}") = "Samples", "Samples", "{35FBBDFF-CD76-4452-A22E-7EE5A4B64A7D}"
EndProject
Project("{FAE04EC0-301F-11D3-BF4B-00C04F79EFBC}") = "ES11", "Source\Samples\iOS\ES11\ES11.csproj", "{7848ED9E-A937-4FDA-96DC-3B5B0EA27C59}"
	ProjectSection(ProjectDependencies) = postProject
		{75DC22B1-113F-4A66-96B9-2FF8208C10E8} = {75DC22B1-113F-4A66-96B9-2FF8208C10E8}
		{C426C9D1-8857-4E52-BAC7-4C05EE6070AB} = {C426C9D1-8857-4E52-BAC7-4C05EE6070AB}
	EndProjectSection
EndProject
Project("{FAE04EC0-301F-11D3-BF4B-00C04F79EFBC}") = "Generator.Rewrite", "Source\Generator.Rewrite\Generator.Rewrite.csproj", "{C426C9D1-8857-4E52-BAC7-4C05EE6070AB}"
	ProjectSection(ProjectDependencies) = postProject
		{75DC22B1-113F-4A66-96B9-2FF8208C10E8} = {75DC22B1-113F-4A66-96B9-2FF8208C10E8}
	EndProjectSection
EndProject
Project("{FAE04EC0-301F-11D3-BF4B-00C04F79EFBC}") = "Build.UpdateVersion", "Source\Build.UpdateVersion\Build.UpdateVersion.csproj", "{75DC22B1-113F-4A66-96B9-2FF8208C10E8}"
EndProject
Global
	GlobalSection(SolutionConfigurationPlatforms) = preSolution
		Ad-Hoc|Any CPU = Ad-Hoc|Any CPU
		Ad-Hoc|iPhone = Ad-Hoc|iPhone
		Ad-Hoc|iPhoneSimulator = Ad-Hoc|iPhoneSimulator
		AppStore|Any CPU = AppStore|Any CPU
		AppStore|iPhone = AppStore|iPhone
		AppStore|iPhoneSimulator = AppStore|iPhoneSimulator
		Debug|Any CPU = Debug|Any CPU
		Debug|iPhone = Debug|iPhone
		Debug|iPhoneSimulator = Debug|iPhoneSimulator
		Documentation|Any CPU = Documentation|Any CPU
		Documentation|iPhone = Documentation|iPhone
		Documentation|iPhoneSimulator = Documentation|iPhoneSimulator
		Nsis|Any CPU = Nsis|Any CPU
		Nsis|iPhone = Nsis|iPhone
		Nsis|iPhoneSimulator = Nsis|iPhoneSimulator
		Release|Any CPU = Release|Any CPU
		Release|iPhone = Release|iPhone
		Release|iPhoneSimulator = Release|iPhoneSimulator
	EndGlobalSection
	GlobalSection(ProjectConfigurationPlatforms) = postSolution
		{88368190-E3DF-4EBE-ACAA-7B1779F376CA}.Ad-Hoc|Any CPU.ActiveCfg = Release|Any CPU
		{88368190-E3DF-4EBE-ACAA-7B1779F376CA}.Ad-Hoc|Any CPU.Build.0 = Release|Any CPU
		{88368190-E3DF-4EBE-ACAA-7B1779F376CA}.Ad-Hoc|iPhone.ActiveCfg = Debug|Any CPU
		{88368190-E3DF-4EBE-ACAA-7B1779F376CA}.Ad-Hoc|iPhone.Build.0 = Debug|Any CPU
		{88368190-E3DF-4EBE-ACAA-7B1779F376CA}.Ad-Hoc|iPhoneSimulator.ActiveCfg = Release|Any CPU
		{88368190-E3DF-4EBE-ACAA-7B1779F376CA}.AppStore|Any CPU.ActiveCfg = Release|Any CPU
		{88368190-E3DF-4EBE-ACAA-7B1779F376CA}.AppStore|Any CPU.Build.0 = Release|Any CPU
		{88368190-E3DF-4EBE-ACAA-7B1779F376CA}.AppStore|iPhone.ActiveCfg = Debug|Any CPU
		{88368190-E3DF-4EBE-ACAA-7B1779F376CA}.AppStore|iPhone.Build.0 = Debug|Any CPU
		{88368190-E3DF-4EBE-ACAA-7B1779F376CA}.AppStore|iPhoneSimulator.ActiveCfg = Release|Any CPU
		{88368190-E3DF-4EBE-ACAA-7B1779F376CA}.Debug|Any CPU.ActiveCfg = Debug|Any CPU
		{88368190-E3DF-4EBE-ACAA-7B1779F376CA}.Debug|Any CPU.Build.0 = Debug|Any CPU
		{88368190-E3DF-4EBE-ACAA-7B1779F376CA}.Debug|iPhone.ActiveCfg = Debug|Any CPU
		{88368190-E3DF-4EBE-ACAA-7B1779F376CA}.Debug|iPhone.Build.0 = Debug|Any CPU
		{88368190-E3DF-4EBE-ACAA-7B1779F376CA}.Debug|iPhoneSimulator.ActiveCfg = Debug|Any CPU
		{88368190-E3DF-4EBE-ACAA-7B1779F376CA}.Debug|iPhoneSimulator.Build.0 = Debug|Any CPU
		{88368190-E3DF-4EBE-ACAA-7B1779F376CA}.Documentation|Any CPU.ActiveCfg = Debug|Any CPU
		{88368190-E3DF-4EBE-ACAA-7B1779F376CA}.Documentation|Any CPU.Build.0 = Debug|Any CPU
		{88368190-E3DF-4EBE-ACAA-7B1779F376CA}.Documentation|iPhone.ActiveCfg = Debug|Any CPU
		{88368190-E3DF-4EBE-ACAA-7B1779F376CA}.Documentation|iPhoneSimulator.ActiveCfg = Debug|Any CPU
		{88368190-E3DF-4EBE-ACAA-7B1779F376CA}.Nsis|Any CPU.ActiveCfg = Debug|Any CPU
		{88368190-E3DF-4EBE-ACAA-7B1779F376CA}.Nsis|Any CPU.Build.0 = Debug|Any CPU
		{88368190-E3DF-4EBE-ACAA-7B1779F376CA}.Nsis|iPhone.ActiveCfg = Release|Any CPU
		{88368190-E3DF-4EBE-ACAA-7B1779F376CA}.Nsis|iPhoneSimulator.ActiveCfg = Release|Any CPU
		{88368190-E3DF-4EBE-ACAA-7B1779F376CA}.Release|Any CPU.ActiveCfg = Release|Any CPU
		{88368190-E3DF-4EBE-ACAA-7B1779F376CA}.Release|Any CPU.Build.0 = Release|Any CPU
		{88368190-E3DF-4EBE-ACAA-7B1779F376CA}.Release|iPhone.ActiveCfg = Release|Any CPU
		{88368190-E3DF-4EBE-ACAA-7B1779F376CA}.Release|iPhone.Build.0 = Release|Any CPU
		{88368190-E3DF-4EBE-ACAA-7B1779F376CA}.Release|iPhoneSimulator.ActiveCfg = Release|Any CPU
		{88368190-E3DF-4EBE-ACAA-7B1779F376CA}.Release|iPhoneSimulator.Build.0 = Release|Any CPU
		{7848ED9E-A937-4FDA-96DC-3B5B0EA27C59}.Ad-Hoc|Any CPU.ActiveCfg = Ad-Hoc|iPhoneSimulator
		{7848ED9E-A937-4FDA-96DC-3B5B0EA27C59}.Ad-Hoc|iPhone.ActiveCfg = Ad-Hoc|iPhone
		{7848ED9E-A937-4FDA-96DC-3B5B0EA27C59}.Ad-Hoc|iPhone.Build.0 = Ad-Hoc|iPhone
		{7848ED9E-A937-4FDA-96DC-3B5B0EA27C59}.Ad-Hoc|iPhoneSimulator.ActiveCfg = Ad-Hoc|iPhoneSimulator
		{7848ED9E-A937-4FDA-96DC-3B5B0EA27C59}.Ad-Hoc|iPhoneSimulator.Build.0 = Ad-Hoc|iPhoneSimulator
		{7848ED9E-A937-4FDA-96DC-3B5B0EA27C59}.Ad-Hoc|iPhoneSimulator.Deploy.0 = Ad-Hoc|iPhoneSimulator
		{7848ED9E-A937-4FDA-96DC-3B5B0EA27C59}.AppStore|Any CPU.ActiveCfg = AppStore|iPhoneSimulator
		{7848ED9E-A937-4FDA-96DC-3B5B0EA27C59}.AppStore|iPhone.ActiveCfg = AppStore|iPhone
		{7848ED9E-A937-4FDA-96DC-3B5B0EA27C59}.AppStore|iPhone.Build.0 = AppStore|iPhone
		{7848ED9E-A937-4FDA-96DC-3B5B0EA27C59}.AppStore|iPhoneSimulator.ActiveCfg = AppStore|iPhoneSimulator
		{7848ED9E-A937-4FDA-96DC-3B5B0EA27C59}.AppStore|iPhoneSimulator.Build.0 = AppStore|iPhoneSimulator
		{7848ED9E-A937-4FDA-96DC-3B5B0EA27C59}.AppStore|iPhoneSimulator.Deploy.0 = AppStore|iPhoneSimulator
		{7848ED9E-A937-4FDA-96DC-3B5B0EA27C59}.Debug|Any CPU.ActiveCfg = Debug|iPhoneSimulator
		{7848ED9E-A937-4FDA-96DC-3B5B0EA27C59}.Debug|Any CPU.Build.0 = Debug|iPhoneSimulator
		{7848ED9E-A937-4FDA-96DC-3B5B0EA27C59}.Debug|iPhone.ActiveCfg = Debug|iPhone
		{7848ED9E-A937-4FDA-96DC-3B5B0EA27C59}.Debug|iPhone.Build.0 = Debug|iPhone
		{7848ED9E-A937-4FDA-96DC-3B5B0EA27C59}.Debug|iPhoneSimulator.ActiveCfg = Debug|iPhoneSimulator
		{7848ED9E-A937-4FDA-96DC-3B5B0EA27C59}.Debug|iPhoneSimulator.Build.0 = Debug|iPhoneSimulator
		{7848ED9E-A937-4FDA-96DC-3B5B0EA27C59}.Documentation|Any CPU.ActiveCfg = Debug|iPhoneSimulator
		{7848ED9E-A937-4FDA-96DC-3B5B0EA27C59}.Documentation|Any CPU.Build.0 = Debug|iPhoneSimulator
		{7848ED9E-A937-4FDA-96DC-3B5B0EA27C59}.Documentation|iPhone.ActiveCfg = Debug|iPhone
		{7848ED9E-A937-4FDA-96DC-3B5B0EA27C59}.Documentation|iPhone.Build.0 = Debug|iPhone
		{7848ED9E-A937-4FDA-96DC-3B5B0EA27C59}.Documentation|iPhone.Deploy.0 = Debug|iPhone
		{7848ED9E-A937-4FDA-96DC-3B5B0EA27C59}.Documentation|iPhoneSimulator.ActiveCfg = Debug|iPhoneSimulator
		{7848ED9E-A937-4FDA-96DC-3B5B0EA27C59}.Documentation|iPhoneSimulator.Build.0 = Debug|iPhoneSimulator
		{7848ED9E-A937-4FDA-96DC-3B5B0EA27C59}.Documentation|iPhoneSimulator.Deploy.0 = Debug|iPhoneSimulator
		{7848ED9E-A937-4FDA-96DC-3B5B0EA27C59}.Nsis|Any CPU.ActiveCfg = Debug|iPhoneSimulator
		{7848ED9E-A937-4FDA-96DC-3B5B0EA27C59}.Nsis|Any CPU.Build.0 = Debug|iPhoneSimulator
		{7848ED9E-A937-4FDA-96DC-3B5B0EA27C59}.Nsis|iPhone.ActiveCfg = Release|iPhone
		{7848ED9E-A937-4FDA-96DC-3B5B0EA27C59}.Nsis|iPhone.Build.0 = Release|iPhone
		{7848ED9E-A937-4FDA-96DC-3B5B0EA27C59}.Nsis|iPhone.Deploy.0 = Release|iPhone
		{7848ED9E-A937-4FDA-96DC-3B5B0EA27C59}.Nsis|iPhoneSimulator.ActiveCfg = AppStore|iPhoneSimulator
		{7848ED9E-A937-4FDA-96DC-3B5B0EA27C59}.Nsis|iPhoneSimulator.Build.0 = AppStore|iPhoneSimulator
		{7848ED9E-A937-4FDA-96DC-3B5B0EA27C59}.Nsis|iPhoneSimulator.Deploy.0 = AppStore|iPhoneSimulator
		{7848ED9E-A937-4FDA-96DC-3B5B0EA27C59}.Release|Any CPU.ActiveCfg = Release|iPhoneSimulator
		{7848ED9E-A937-4FDA-96DC-3B5B0EA27C59}.Release|Any CPU.Build.0 = Release|iPhoneSimulator
		{7848ED9E-A937-4FDA-96DC-3B5B0EA27C59}.Release|iPhone.ActiveCfg = Release|iPhone
		{7848ED9E-A937-4FDA-96DC-3B5B0EA27C59}.Release|iPhone.Build.0 = Release|iPhone
		{7848ED9E-A937-4FDA-96DC-3B5B0EA27C59}.Release|iPhoneSimulator.ActiveCfg = Release|iPhoneSimulator
		{7848ED9E-A937-4FDA-96DC-3B5B0EA27C59}.Release|iPhoneSimulator.Build.0 = Release|iPhoneSimulator
		{C426C9D1-8857-4E52-BAC7-4C05EE6070AB}.Ad-Hoc|Any CPU.ActiveCfg = Debug|Any CPU
		{C426C9D1-8857-4E52-BAC7-4C05EE6070AB}.Ad-Hoc|Any CPU.Build.0 = Debug|Any CPU
		{C426C9D1-8857-4E52-BAC7-4C05EE6070AB}.Ad-Hoc|iPhone.ActiveCfg = Release|Any CPU
		{C426C9D1-8857-4E52-BAC7-4C05EE6070AB}.Ad-Hoc|iPhone.Build.0 = Release|Any CPU
		{C426C9D1-8857-4E52-BAC7-4C05EE6070AB}.Ad-Hoc|iPhoneSimulator.ActiveCfg = Debug|Any CPU
		{C426C9D1-8857-4E52-BAC7-4C05EE6070AB}.AppStore|Any CPU.ActiveCfg = Debug|Any CPU
		{C426C9D1-8857-4E52-BAC7-4C05EE6070AB}.AppStore|Any CPU.Build.0 = Debug|Any CPU
		{C426C9D1-8857-4E52-BAC7-4C05EE6070AB}.AppStore|iPhone.ActiveCfg = Release|Any CPU
		{C426C9D1-8857-4E52-BAC7-4C05EE6070AB}.AppStore|iPhone.Build.0 = Release|Any CPU
		{C426C9D1-8857-4E52-BAC7-4C05EE6070AB}.AppStore|iPhoneSimulator.ActiveCfg = Debug|Any CPU
		{C426C9D1-8857-4E52-BAC7-4C05EE6070AB}.Debug|Any CPU.ActiveCfg = Debug|Any CPU
		{C426C9D1-8857-4E52-BAC7-4C05EE6070AB}.Debug|Any CPU.Build.0 = Debug|Any CPU
		{C426C9D1-8857-4E52-BAC7-4C05EE6070AB}.Debug|iPhone.ActiveCfg = Debug|Any CPU
		{C426C9D1-8857-4E52-BAC7-4C05EE6070AB}.Debug|iPhone.Build.0 = Debug|Any CPU
		{C426C9D1-8857-4E52-BAC7-4C05EE6070AB}.Debug|iPhoneSimulator.ActiveCfg = Debug|Any CPU
		{C426C9D1-8857-4E52-BAC7-4C05EE6070AB}.Debug|iPhoneSimulator.Build.0 = Debug|Any CPU
		{C426C9D1-8857-4E52-BAC7-4C05EE6070AB}.Documentation|Any CPU.ActiveCfg = Debug|Any CPU
		{C426C9D1-8857-4E52-BAC7-4C05EE6070AB}.Documentation|Any CPU.Build.0 = Debug|Any CPU
		{C426C9D1-8857-4E52-BAC7-4C05EE6070AB}.Documentation|iPhone.ActiveCfg = Debug|Any CPU
		{C426C9D1-8857-4E52-BAC7-4C05EE6070AB}.Documentation|iPhoneSimulator.ActiveCfg = Debug|Any CPU
		{C426C9D1-8857-4E52-BAC7-4C05EE6070AB}.Nsis|Any CPU.ActiveCfg = Debug|Any CPU
		{C426C9D1-8857-4E52-BAC7-4C05EE6070AB}.Nsis|Any CPU.Build.0 = Debug|Any CPU
		{C426C9D1-8857-4E52-BAC7-4C05EE6070AB}.Nsis|iPhone.ActiveCfg = Debug|Any CPU
		{C426C9D1-8857-4E52-BAC7-4C05EE6070AB}.Nsis|iPhoneSimulator.ActiveCfg = Debug|Any CPU
		{C426C9D1-8857-4E52-BAC7-4C05EE6070AB}.Release|Any CPU.ActiveCfg = Release|Any CPU
		{C426C9D1-8857-4E52-BAC7-4C05EE6070AB}.Release|Any CPU.Build.0 = Release|Any CPU
		{C426C9D1-8857-4E52-BAC7-4C05EE6070AB}.Release|iPhone.ActiveCfg = Release|Any CPU
		{C426C9D1-8857-4E52-BAC7-4C05EE6070AB}.Release|iPhone.Build.0 = Release|Any CPU
		{C426C9D1-8857-4E52-BAC7-4C05EE6070AB}.Release|iPhoneSimulator.ActiveCfg = Release|Any CPU
		{C426C9D1-8857-4E52-BAC7-4C05EE6070AB}.Release|iPhoneSimulator.Build.0 = Release|Any CPU
		{75DC22B1-113F-4A66-96B9-2FF8208C10E8}.Ad-Hoc|Any CPU.ActiveCfg = Release|Any CPU
		{75DC22B1-113F-4A66-96B9-2FF8208C10E8}.Ad-Hoc|Any CPU.Build.0 = Release|Any CPU
		{75DC22B1-113F-4A66-96B9-2FF8208C10E8}.Ad-Hoc|iPhone.ActiveCfg = Documentation|Any CPU
		{75DC22B1-113F-4A66-96B9-2FF8208C10E8}.Ad-Hoc|iPhone.Build.0 = Documentation|Any CPU
		{75DC22B1-113F-4A66-96B9-2FF8208C10E8}.Ad-Hoc|iPhoneSimulator.ActiveCfg = Release|Any CPU
		{75DC22B1-113F-4A66-96B9-2FF8208C10E8}.AppStore|Any CPU.ActiveCfg = Release|Any CPU
		{75DC22B1-113F-4A66-96B9-2FF8208C10E8}.AppStore|Any CPU.Build.0 = Release|Any CPU
		{75DC22B1-113F-4A66-96B9-2FF8208C10E8}.AppStore|iPhone.ActiveCfg = Documentation|Any CPU
		{75DC22B1-113F-4A66-96B9-2FF8208C10E8}.AppStore|iPhone.Build.0 = Documentation|Any CPU
		{75DC22B1-113F-4A66-96B9-2FF8208C10E8}.AppStore|iPhoneSimulator.ActiveCfg = Release|Any CPU
		{75DC22B1-113F-4A66-96B9-2FF8208C10E8}.Debug|Any CPU.ActiveCfg = Debug|Any CPU
		{75DC22B1-113F-4A66-96B9-2FF8208C10E8}.Debug|Any CPU.Build.0 = Debug|Any CPU
		{75DC22B1-113F-4A66-96B9-2FF8208C10E8}.Debug|iPhone.ActiveCfg = Debug|Any CPU
		{75DC22B1-113F-4A66-96B9-2FF8208C10E8}.Debug|iPhone.Build.0 = Debug|Any CPU
		{75DC22B1-113F-4A66-96B9-2FF8208C10E8}.Debug|iPhoneSimulator.ActiveCfg = Debug|Any CPU
		{75DC22B1-113F-4A66-96B9-2FF8208C10E8}.Debug|iPhoneSimulator.Build.0 = Debug|Any CPU
		{75DC22B1-113F-4A66-96B9-2FF8208C10E8}.Documentation|Any CPU.ActiveCfg = Documentation|Any CPU
		{75DC22B1-113F-4A66-96B9-2FF8208C10E8}.Documentation|Any CPU.Build.0 = Documentation|Any CPU
		{75DC22B1-113F-4A66-96B9-2FF8208C10E8}.Documentation|iPhone.ActiveCfg = Documentation|Any CPU
		{75DC22B1-113F-4A66-96B9-2FF8208C10E8}.Documentation|iPhoneSimulator.ActiveCfg = Documentation|Any CPU
		{75DC22B1-113F-4A66-96B9-2FF8208C10E8}.Nsis|Any CPU.ActiveCfg = Nsis|Any CPU
		{75DC22B1-113F-4A66-96B9-2FF8208C10E8}.Nsis|Any CPU.Build.0 = Nsis|Any CPU
		{75DC22B1-113F-4A66-96B9-2FF8208C10E8}.Nsis|iPhone.ActiveCfg = Nsis|Any CPU
		{75DC22B1-113F-4A66-96B9-2FF8208C10E8}.Nsis|iPhoneSimulator.ActiveCfg = Nsis|Any CPU
		{75DC22B1-113F-4A66-96B9-2FF8208C10E8}.Release|Any CPU.ActiveCfg = Release|Any CPU
		{75DC22B1-113F-4A66-96B9-2FF8208C10E8}.Release|Any CPU.Build.0 = Release|Any CPU
		{75DC22B1-113F-4A66-96B9-2FF8208C10E8}.Release|iPhone.ActiveCfg = Release|Any CPU
		{75DC22B1-113F-4A66-96B9-2FF8208C10E8}.Release|iPhone.Build.0 = Release|Any CPU
		{75DC22B1-113F-4A66-96B9-2FF8208C10E8}.Release|iPhoneSimulator.ActiveCfg = Release|Any CPU
		{75DC22B1-113F-4A66-96B9-2FF8208C10E8}.Release|iPhoneSimulator.Build.0 = Release|Any CPU
	EndGlobalSection
	GlobalSection(SolutionProperties) = preSolution
		HideSolutionNode = FALSE
	EndGlobalSection
	GlobalSection(NestedProjects) = preSolution
		{7848ED9E-A937-4FDA-96DC-3B5B0EA27C59} = {35FBBDFF-CD76-4452-A22E-7EE5A4B64A7D}
	EndGlobalSection
	GlobalSection(MonoDevelopProperties) = preSolution
		StartupItem = Samples\ES11\ES11.csproj
	EndGlobalSection
EndGlobal
