Microsoft Visual Studio Solution File, Format Version 12.00
# Visual Studio 14
VisualStudioVersion = 14.0.25123.0
MinimumVisualStudioVersion = 10.0.40219.1
Project("{2150E333-8FDC-42A3-9474-1A3956D46DE8}") = ".paket", ".paket", "{63297B98-5CED-492C-A5B7-A5B4F73CF142}"
	ProjectSection(SolutionItems) = preProject
		paket.dependencies = paket.dependencies
		paket.lock = paket.lock
	EndProjectSection
EndProject
Project("{2150E333-8FDC-42A3-9474-1A3956D46DE8}") = "project", "project", "{BF60BC93-E09B-4E5F-9D85-95A519479D54}"
	ProjectSection(SolutionItems) = preProject
		build.fsx = build.fsx
		README.md = README.md
		RELEASE_NOTES.md = RELEASE_NOTES.md
	EndProjectSection
EndProject
Project("{2150E333-8FDC-42A3-9474-1A3956D46DE8}") = "tests", "tests", "{ED8079DD-2B06-4030-9F0F-DC548F98E1C4}"
EndProject
Project("{FAE04EC0-301F-11D3-BF4B-00C04F79EFBC}") = "OpenTK", "src\OpenTK\OpenTK.csproj", "{A37A7E14-0000-0000-0000-000000000000}"
EndProject
Project("{FAE04EC0-301F-11D3-BF4B-00C04F79EFBC}") = "Generator.Rewrite", "src\Generator.Rewrite\Generator.Rewrite.csproj", "{C426C9D1-8857-4E52-BAC7-4C05EE6070AB}"
EndProject
Project("{FAE04EC0-301F-11D3-BF4B-00C04F79EFBC}") = "Generator.Bind", "src\Bind\Generator.Bind.csproj", "{31D19132-0000-0000-0000-000000000000}"
EndProject
Project("{FAE04EC0-301F-11D3-BF4B-00C04F79EFBC}") = "OpenTK.GLControl", "src\GLControl\OpenTK.GLControl.csproj", "{A625BE88-0000-0000-0000-000000000000}"
EndProject
Project("{FAE04EC0-301F-11D3-BF4B-00C04F79EFBC}") = "OpenTK.Tests", "tests\OpenTK.Tests\OpenTK.Tests.csproj", "{930A780C-A67C-422F-9EED-DB38DAA47AB0}"
EndProject
Project("{FAE04EC0-301F-11D3-BF4B-00C04F79EFBC}") = "OpenTK.GLWidget", "src\GLWidget\OpenTK.GLWidget.csproj", "{A625BE87-0000-0000-0000-000000000000}"
EndProject
Global
	GlobalSection(SolutionConfigurationPlatforms) = preSolution
		Debug|Any CPU = Debug|Any CPU
		Release|Any CPU = Release|Any CPU
	EndGlobalSection
	GlobalSection(ProjectConfigurationPlatforms) = postSolution
		{A37A7E14-0000-0000-0000-000000000000}.Debug|Any CPU.ActiveCfg = Debug|Any CPU
		{A37A7E14-0000-0000-0000-000000000000}.Debug|Any CPU.Build.0 = Debug|Any CPU
		{A37A7E14-0000-0000-0000-000000000000}.Release|Any CPU.ActiveCfg = Release|Any CPU
		{A37A7E14-0000-0000-0000-000000000000}.Release|Any CPU.Build.0 = Release|Any CPU
		{C426C9D1-8857-4E52-BAC7-4C05EE6070AB}.Debug|Any CPU.ActiveCfg = Debug|Any CPU
		{C426C9D1-8857-4E52-BAC7-4C05EE6070AB}.Debug|Any CPU.Build.0 = Debug|Any CPU
		{C426C9D1-8857-4E52-BAC7-4C05EE6070AB}.Release|Any CPU.ActiveCfg = Release|Any CPU
		{C426C9D1-8857-4E52-BAC7-4C05EE6070AB}.Release|Any CPU.Build.0 = Release|Any CPU
		{31D19132-0000-0000-0000-000000000000}.Debug|Any CPU.ActiveCfg = Debug|Any CPU
		{31D19132-0000-0000-0000-000000000000}.Debug|Any CPU.Build.0 = Debug|Any CPU
		{31D19132-0000-0000-0000-000000000000}.Release|Any CPU.ActiveCfg = Release|Any CPU
		{31D19132-0000-0000-0000-000000000000}.Release|Any CPU.Build.0 = Release|Any CPU
		{A625BE88-0000-0000-0000-000000000000}.Debug|Any CPU.ActiveCfg = Debug|Any CPU
		{A625BE88-0000-0000-0000-000000000000}.Debug|Any CPU.Build.0 = Debug|Any CPU
		{A625BE88-0000-0000-0000-000000000000}.Release|Any CPU.ActiveCfg = Release|Any CPU
		{A625BE88-0000-0000-0000-000000000000}.Release|Any CPU.Build.0 = Release|Any CPU
		{930A780C-A67C-422F-9EED-DB38DAA47AB0}.Debug|Any CPU.ActiveCfg = Debug|Any CPU
		{930A780C-A67C-422F-9EED-DB38DAA47AB0}.Debug|Any CPU.Build.0 = Debug|Any CPU
		{930A780C-A67C-422F-9EED-DB38DAA47AB0}.Release|Any CPU.ActiveCfg = Release|Any CPU
		{930A780C-A67C-422F-9EED-DB38DAA47AB0}.Release|Any CPU.Build.0 = Release|Any CPU
		{A625BE87-0000-0000-0000-000000000000}.Debug|Any CPU.ActiveCfg = Debug|Any CPU
		{A625BE87-0000-0000-0000-000000000000}.Debug|Any CPU.Build.0 = Debug|Any CPU
		{A625BE87-0000-0000-0000-000000000000}.Release|Any CPU.ActiveCfg = Release|Any CPU
		{A625BE87-0000-0000-0000-000000000000}.Release|Any CPU.Build.0 = Release|Any CPU
	EndGlobalSection
	GlobalSection(SolutionProperties) = preSolution
		HideSolutionNode = FALSE
	EndGlobalSection
	GlobalSection(NestedProjects) = preSolution
		{930A780C-A67C-422F-9EED-DB38DAA47AB0} = {ED8079DD-2B06-4030-9F0F-DC548F98E1C4}
	EndGlobalSection
EndGlobal
