
Microsoft Visual Studio Solution File, Format Version 12.00
# Visual Studio 15
VisualStudioVersion = 15.0.27703.2042
MinimumVisualStudioVersion = 10.0.40219.1
Project("{2150E333-8FDC-42A3-9474-1A3956D46DE8}") = "project", "project", "{5EEEC96B-BD2F-45B0-935D-19E9E6D7D969}"
	ProjectSection(SolutionItems) = preProject
		.gitignore = .gitignore
		CONTRIBUTING.md = CONTRIBUTING.md
		README.md = README.md
		RELEASE_NOTES.md = RELEASE_NOTES.md
		stylecop.json = stylecop.json
		stylecop.ruleset = stylecop.ruleset
	EndProjectSection
EndProject
Project("{9A19103F-16F7-4668-BE54-9A1E7A4F7556}") = "Generator.Bind", "src\Generator.Bind\Generator.Bind.csproj", "{4828A378-F24E-4BB0-BF5F-C4C6C9082081}"
EndProject
Project("{9A19103F-16F7-4668-BE54-9A1E7A4F7556}") = "OpenTK.Input", "src\OpenTK.Input\OpenTK.Input.csproj", "{FD2151DE-0663-4100-9AB5-D1E22CF2144D}"
EndProject
Project("{9A19103F-16F7-4668-BE54-9A1E7A4F7556}") = "OpenTK.NT", "src\OpenTK.NT\OpenTK.NT.csproj", "{E970F684-E8B3-4FDD-BC8F-7B12A8EBA403}"
EndProject
Project("{9A19103F-16F7-4668-BE54-9A1E7A4F7556}") = "OpenTK.Mathematics", "src\OpenTK.Mathematics\OpenTK.Mathematics.csproj", "{517AC4BF-6AF5-415D-B11C-FC6FE6710336}"
EndProject
Project("{9A19103F-16F7-4668-BE54-9A1E7A4F7556}") = "OpenTK.OpenAL", "src\OpenTK.OpenAL\OpenTK.OpenAL.csproj", "{6E833F6A-F48D-444C-A44B-FB489137E233}"
EndProject
Project("{9A19103F-16F7-4668-BE54-9A1E7A4F7556}") = "OpenTK.Core", "src\OpenTK.Core\OpenTK.Core.csproj", "{30B46B07-2836-4862-B7FA-A158B581F83E}"
EndProject
Project("{2150E333-8FDC-42A3-9474-1A3956D46DE8}") = "props", "props", "{9A58BE7A-02D3-4B94-B648-BDF421CC77EF}"
	ProjectSection(SolutionItems) = preProject
		props\common.props = props\common.props
		props\netfx-mono.props = props\netfx-mono.props
		props\nuget-common.props = props\nuget-common.props
		props\stylecop.props = props\stylecop.props
	EndProjectSection
EndProject
Project("{2150E333-8FDC-42A3-9474-1A3956D46DE8}") = "ci-config", "ci-config", "{DB4C8652-965F-44F9-998B-8918768DB6AA}"
	ProjectSection(SolutionItems) = preProject
		.travis.yml = .travis.yml
		appveyor.yml = appveyor.yml
	EndProjectSection
EndProject
Project("{9A19103F-16F7-4668-BE54-9A1E7A4F7556}") = "Generator.Rewrite", "src\Generator.Rewrite\Generator.Rewrite.csproj", "{D7C9759E-D5D6-49EA-A993-CA2EDDE8277C}"
EndProject
Global
	GlobalSection(SolutionConfigurationPlatforms) = preSolution
		Debug|Any CPU = Debug|Any CPU
		Release|Any CPU = Release|Any CPU
	EndGlobalSection
	GlobalSection(ProjectConfigurationPlatforms) = postSolution
		{4828A378-F24E-4BB0-BF5F-C4C6C9082081}.Debug|Any CPU.ActiveCfg = Debug|Any CPU
		{4828A378-F24E-4BB0-BF5F-C4C6C9082081}.Debug|Any CPU.Build.0 = Debug|Any CPU
		{4828A378-F24E-4BB0-BF5F-C4C6C9082081}.Release|Any CPU.ActiveCfg = Release|Any CPU
		{4828A378-F24E-4BB0-BF5F-C4C6C9082081}.Release|Any CPU.Build.0 = Release|Any CPU
		{FD2151DE-0663-4100-9AB5-D1E22CF2144D}.Debug|Any CPU.ActiveCfg = Debug|Any CPU
		{FD2151DE-0663-4100-9AB5-D1E22CF2144D}.Debug|Any CPU.Build.0 = Debug|Any CPU
		{FD2151DE-0663-4100-9AB5-D1E22CF2144D}.Release|Any CPU.ActiveCfg = Release|Any CPU
		{FD2151DE-0663-4100-9AB5-D1E22CF2144D}.Release|Any CPU.Build.0 = Release|Any CPU
		{E970F684-E8B3-4FDD-BC8F-7B12A8EBA403}.Debug|Any CPU.ActiveCfg = Debug|Any CPU
		{E970F684-E8B3-4FDD-BC8F-7B12A8EBA403}.Debug|Any CPU.Build.0 = Debug|Any CPU
		{E970F684-E8B3-4FDD-BC8F-7B12A8EBA403}.Release|Any CPU.ActiveCfg = Release|Any CPU
		{E970F684-E8B3-4FDD-BC8F-7B12A8EBA403}.Release|Any CPU.Build.0 = Release|Any CPU
		{517AC4BF-6AF5-415D-B11C-FC6FE6710336}.Debug|Any CPU.ActiveCfg = Debug|Any CPU
		{517AC4BF-6AF5-415D-B11C-FC6FE6710336}.Debug|Any CPU.Build.0 = Debug|Any CPU
		{517AC4BF-6AF5-415D-B11C-FC6FE6710336}.Release|Any CPU.ActiveCfg = Release|Any CPU
		{517AC4BF-6AF5-415D-B11C-FC6FE6710336}.Release|Any CPU.Build.0 = Release|Any CPU
		{6E833F6A-F48D-444C-A44B-FB489137E233}.Debug|Any CPU.ActiveCfg = Debug|Any CPU
		{6E833F6A-F48D-444C-A44B-FB489137E233}.Debug|Any CPU.Build.0 = Debug|Any CPU
		{6E833F6A-F48D-444C-A44B-FB489137E233}.Release|Any CPU.ActiveCfg = Release|Any CPU
		{6E833F6A-F48D-444C-A44B-FB489137E233}.Release|Any CPU.Build.0 = Release|Any CPU
		{30B46B07-2836-4862-B7FA-A158B581F83E}.Debug|Any CPU.ActiveCfg = Debug|Any CPU
		{30B46B07-2836-4862-B7FA-A158B581F83E}.Debug|Any CPU.Build.0 = Debug|Any CPU
		{30B46B07-2836-4862-B7FA-A158B581F83E}.Release|Any CPU.ActiveCfg = Release|Any CPU
		{30B46B07-2836-4862-B7FA-A158B581F83E}.Release|Any CPU.Build.0 = Release|Any CPU
		{D7C9759E-D5D6-49EA-A993-CA2EDDE8277C}.Debug|Any CPU.ActiveCfg = Debug|Any CPU
		{D7C9759E-D5D6-49EA-A993-CA2EDDE8277C}.Debug|Any CPU.Build.0 = Debug|Any CPU
		{D7C9759E-D5D6-49EA-A993-CA2EDDE8277C}.Release|Any CPU.ActiveCfg = Release|Any CPU
		{D7C9759E-D5D6-49EA-A993-CA2EDDE8277C}.Release|Any CPU.Build.0 = Release|Any CPU
	EndGlobalSection
	GlobalSection(SolutionProperties) = preSolution
		HideSolutionNode = FALSE
	EndGlobalSection
	GlobalSection(ExtensibilityGlobals) = postSolution
		SolutionGuid = {82DDE6D6-0D55-49B4-9C64-B31B4A6E729F}
	EndGlobalSection
EndGlobal
