
Microsoft Visual Studio Solution File, Format Version 9.00
# Visual Studio 2005
Project("{2150E333-8FDC-42A3-9474-1A3956D46DE8}") = "Documentation", "Documentation", "{80BD2C66-A90B-42E7-BED8-CBF7BB8C2E3F}"
	ProjectSection(SolutionItems) = preProject
		changelog.txt = changelog.txt
		license.txt = license.txt
		Todo.txt = Todo.txt
	EndProjectSection
EndProject
Project("{2150E333-8FDC-42A3-9474-1A3956D46DE8}") = "Source", "Source", "{84C34705-D460-4028-AE58-C32CF210F9BF}"
EndProject
Project("{2150E333-8FDC-42A3-9474-1A3956D46DE8}") = "Specifications", "Specifications", "{B23A6DCD-9FE9-4523-95FB-01C8D4631555}"
	ProjectSection(SolutionItems) = preProject
		Specifications\cs_types.txt = Specifications\cs_types.txt
		Specifications\enum.spec = Specifications\enum.spec
		Specifications\enumext.spec = Specifications\enumext.spec
		Specifications\gl.spec = Specifications\gl.spec
		Specifications\gl_types.txt = Specifications\gl_types.txt
	EndProjectSection
EndProject
Project("{2150E333-8FDC-42A3-9474-1A3956D46DE8}") = "Projects", "Projects", "{E9FF51BB-295E-4891-AA30-D1374F26DCE0}"
EndProject
Project("{2150E333-8FDC-42A3-9474-1A3956D46DE8}") = "OpenTK", "OpenTK", "{7E640424-E2CD-4DD5-9392-7A706D73930E}"
EndProject
Project("{2150E333-8FDC-42A3-9474-1A3956D46DE8}") = "Platform", "Platform", "{50DCE788-72FC-47E0-A6BD-50BCCE3FCE5B}"
EndProject
Project("{FAE04EC0-301F-11D3-BF4B-00C04F79EFBC}") = "OpenTK.Platform.Windows", "Source\Platform\Windows\OpenTK.Platform.Windows.csproj", "{FDFA00B6-FA81-4658-86E1-F312EFB42E1C}"
EndProject
Project("{2150E333-8FDC-42A3-9474-1A3956D46DE8}") = "Input", "Input", "{4BB769A0-1B69-474E-A99A-B6B9BE1A3A1E}"
EndProject
Project("{2150E333-8FDC-42A3-9474-1A3956D46DE8}") = "Math", "Math", "{84EAC24B-BF87-477C-838D-7110A1A24D41}"
EndProject
Project("{2150E333-8FDC-42A3-9474-1A3956D46DE8}") = "OpenAL", "OpenAL", "{30996477-EDDE-4E45-AB3D-5E466314C755}"
EndProject
Project("{2150E333-8FDC-42A3-9474-1A3956D46DE8}") = "OpenGL", "OpenGL", "{2F3FEAD4-0FBD-48CC-AFA0-29FFF28284C2}"
EndProject
Project("{FAE04EC0-301F-11D3-BF4B-00C04F79EFBC}") = "OpenTK.OpenGL", "Source\OpenGL\OpenGL\OpenTK.OpenGL.csproj", "{836876D1-0C8D-4240-BEE4-859D9D3D46CB}"
	ProjectSection(ProjectDependencies) = postProject
		{FDFA00B6-FA81-4658-86E1-F312EFB42E1C} = {FDFA00B6-FA81-4658-86E1-F312EFB42E1C}
	EndProjectSection
EndProject
Project("{FAE04EC0-301F-11D3-BF4B-00C04F79EFBC}") = "OpenTK.OpenGL.Bind", "Source\OpenGL\Bind\OpenTK.OpenGL.Bind.csproj", "{1EDDE592-3923-4898-9006-3D69579E1745}"
EndProject
Project("{2150E333-8FDC-42A3-9474-1A3956D46DE8}") = "Examples", "Examples", "{C6E60A87-12B4-444A-BE03-7E980EAC0172}"
EndProject
Project("{2150E333-8FDC-42A3-9474-1A3956D46DE8}") = "OpenGL", "OpenGL", "{70FA6EE8-62C6-437F-AD82-117F2D9CDE68}"
EndProject
Project("{FAE04EC0-301F-11D3-BF4B-00C04F79EFBC}") = "GLSL.Lesson01", "Source\Examples\OpenGL\GLSL\Lesson01\GLSL.Lesson01.csproj", "{46980D11-67FA-4B33-903F-BC9D8A4FE60F}"
EndProject
Global
	GlobalSection(SolutionConfigurationPlatforms) = preSolution
		Debug|Any CPU = Debug|Any CPU
		Release|Any CPU = Release|Any CPU
	EndGlobalSection
	GlobalSection(ProjectConfigurationPlatforms) = postSolution
		{FDFA00B6-FA81-4658-86E1-F312EFB42E1C}.Debug|Any CPU.ActiveCfg = Debug|Any CPU
		{FDFA00B6-FA81-4658-86E1-F312EFB42E1C}.Debug|Any CPU.Build.0 = Debug|Any CPU
		{FDFA00B6-FA81-4658-86E1-F312EFB42E1C}.Release|Any CPU.ActiveCfg = Release|Any CPU
		{FDFA00B6-FA81-4658-86E1-F312EFB42E1C}.Release|Any CPU.Build.0 = Release|Any CPU
		{836876D1-0C8D-4240-BEE4-859D9D3D46CB}.Debug|Any CPU.ActiveCfg = Debug|Any CPU
		{836876D1-0C8D-4240-BEE4-859D9D3D46CB}.Debug|Any CPU.Build.0 = Debug|Any CPU
		{836876D1-0C8D-4240-BEE4-859D9D3D46CB}.Release|Any CPU.ActiveCfg = Release|Any CPU
		{836876D1-0C8D-4240-BEE4-859D9D3D46CB}.Release|Any CPU.Build.0 = Release|Any CPU
		{1EDDE592-3923-4898-9006-3D69579E1745}.Debug|Any CPU.ActiveCfg = Debug|Any CPU
		{1EDDE592-3923-4898-9006-3D69579E1745}.Debug|Any CPU.Build.0 = Debug|Any CPU
		{1EDDE592-3923-4898-9006-3D69579E1745}.Release|Any CPU.ActiveCfg = Release|Any CPU
		{1EDDE592-3923-4898-9006-3D69579E1745}.Release|Any CPU.Build.0 = Release|Any CPU
		{46980D11-67FA-4B33-903F-BC9D8A4FE60F}.Debug|Any CPU.ActiveCfg = Debug|Any CPU
		{46980D11-67FA-4B33-903F-BC9D8A4FE60F}.Debug|Any CPU.Build.0 = Debug|Any CPU
		{46980D11-67FA-4B33-903F-BC9D8A4FE60F}.Release|Any CPU.ActiveCfg = Release|Any CPU
		{46980D11-67FA-4B33-903F-BC9D8A4FE60F}.Release|Any CPU.Build.0 = Release|Any CPU
	EndGlobalSection
	GlobalSection(SolutionProperties) = preSolution
		HideSolutionNode = FALSE
	EndGlobalSection
	GlobalSection(NestedProjects) = preSolution
		{84C34705-D460-4028-AE58-C32CF210F9BF} = {80BD2C66-A90B-42E7-BED8-CBF7BB8C2E3F}
		{7E640424-E2CD-4DD5-9392-7A706D73930E} = {E9FF51BB-295E-4891-AA30-D1374F26DCE0}
		{C6E60A87-12B4-444A-BE03-7E980EAC0172} = {E9FF51BB-295E-4891-AA30-D1374F26DCE0}
		{50DCE788-72FC-47E0-A6BD-50BCCE3FCE5B} = {7E640424-E2CD-4DD5-9392-7A706D73930E}
		{4BB769A0-1B69-474E-A99A-B6B9BE1A3A1E} = {7E640424-E2CD-4DD5-9392-7A706D73930E}
		{84EAC24B-BF87-477C-838D-7110A1A24D41} = {7E640424-E2CD-4DD5-9392-7A706D73930E}
		{30996477-EDDE-4E45-AB3D-5E466314C755} = {7E640424-E2CD-4DD5-9392-7A706D73930E}
		{2F3FEAD4-0FBD-48CC-AFA0-29FFF28284C2} = {7E640424-E2CD-4DD5-9392-7A706D73930E}
		{FDFA00B6-FA81-4658-86E1-F312EFB42E1C} = {50DCE788-72FC-47E0-A6BD-50BCCE3FCE5B}
		{836876D1-0C8D-4240-BEE4-859D9D3D46CB} = {2F3FEAD4-0FBD-48CC-AFA0-29FFF28284C2}
		{1EDDE592-3923-4898-9006-3D69579E1745} = {2F3FEAD4-0FBD-48CC-AFA0-29FFF28284C2}
		{70FA6EE8-62C6-437F-AD82-117F2D9CDE68} = {C6E60A87-12B4-444A-BE03-7E980EAC0172}
		{46980D11-67FA-4B33-903F-BC9D8A4FE60F} = {70FA6EE8-62C6-437F-AD82-117F2D9CDE68}
	EndGlobalSection
EndGlobal
