
Microsoft Visual Studio Solution File, Format Version 12.00
# Visual Studio 2012
Project("{FAE04EC0-301F-11D3-BF4B-00C04F79EFBC}") = "OpenTK.iOS", "OpenTK.iOS\OpenTK.iOS.csproj", "{88368190-E3DF-4EBE-ACAA-7B1779F376CA}"
EndProject
Global
	GlobalSection(SolutionConfigurationPlatforms) = preSolution
		Debug|Any CPU = Debug|Any CPU
		Release|Any CPU = Release|Any CPU
	EndGlobalSection
	GlobalSection(ProjectConfigurationPlatforms) = postSolution
		{88368190-E3DF-4EBE-ACAA-7B1779F376CA}.Debug|Any CPU.ActiveCfg = Debug|Any CPU
		{88368190-E3DF-4EBE-ACAA-7B1779F376CA}.Debug|Any CPU.Build.0 = Debug|Any CPU
		{88368190-E3DF-4EBE-ACAA-7B1779F376CA}.Release|Any CPU.ActiveCfg = Release|Any CPU
		{88368190-E3DF-4EBE-ACAA-7B1779F376CA}.Release|Any CPU.Build.0 = Release|Any CPU
	EndGlobalSection
	GlobalSection(MonoDevelopProperties) = preSolution
		StartupItem = OpenTK.iOS\OpenTK.iOS.csproj
	EndGlobalSection
EndGlobal
