
Microsoft Visual Studio Solution File, Format Version 11.00
# Visual Studio 2010
Project("{FAE04EC0-301F-11D3-BF4B-00C04F79EFBC}") = "OpenTK.iOS.SDL2", "OpenTK.iOS.SDL2\OpenTK.iOS.SDL2.csproj", "{DABC58D2-6B22-49D3-9541-49B1B0B31D9E}"
EndProject
Project("{FAE04EC0-301F-11D3-BF4B-00C04F79EFBC}") = "Build.UpdateVersion", "..\..\Source\Build.UpdateVersion\Build.UpdateVersion.csproj", "{75DC22B1-113F-4A66-96B9-2FF8208C10E8}"
EndProject
Project("{FAE04EC0-301F-11D3-BF4B-00C04F79EFBC}") = "Generator.Rewrite", "..\..\Source\Generator.Rewrite\Generator.Rewrite.csproj", "{C426C9D1-8857-4E52-BAC7-4C05EE6070AB}"
EndProject
Global
	GlobalSection(SolutionConfigurationPlatforms) = preSolution
		Debug|Any CPU = Debug|Any CPU
		Release|Any CPU = Release|Any CPU
		Documentation|Any CPU = Documentation|Any CPU
		Nsis|Any CPU = Nsis|Any CPU
	EndGlobalSection
	GlobalSection(ProjectConfigurationPlatforms) = postSolution
		{75DC22B1-113F-4A66-96B9-2FF8208C10E8}.Debug|Any CPU.ActiveCfg = Debug|Any CPU
		{75DC22B1-113F-4A66-96B9-2FF8208C10E8}.Debug|Any CPU.Build.0 = Debug|Any CPU
		{75DC22B1-113F-4A66-96B9-2FF8208C10E8}.Documentation|Any CPU.ActiveCfg = Documentation|Any CPU
		{75DC22B1-113F-4A66-96B9-2FF8208C10E8}.Documentation|Any CPU.Build.0 = Documentation|Any CPU
		{75DC22B1-113F-4A66-96B9-2FF8208C10E8}.Nsis|Any CPU.ActiveCfg = Nsis|Any CPU
		{75DC22B1-113F-4A66-96B9-2FF8208C10E8}.Nsis|Any CPU.Build.0 = Nsis|Any CPU
		{75DC22B1-113F-4A66-96B9-2FF8208C10E8}.Release|Any CPU.ActiveCfg = Release|Any CPU
		{75DC22B1-113F-4A66-96B9-2FF8208C10E8}.Release|Any CPU.Build.0 = Release|Any CPU
		{C426C9D1-8857-4E52-BAC7-4C05EE6070AB}.Debug|Any CPU.ActiveCfg = Debug|Any CPU
		{C426C9D1-8857-4E52-BAC7-4C05EE6070AB}.Debug|Any CPU.Build.0 = Debug|Any CPU
		{C426C9D1-8857-4E52-BAC7-4C05EE6070AB}.Documentation|Any CPU.ActiveCfg = Debug|Any CPU
		{C426C9D1-8857-4E52-BAC7-4C05EE6070AB}.Documentation|Any CPU.Build.0 = Debug|Any CPU
		{C426C9D1-8857-4E52-BAC7-4C05EE6070AB}.Nsis|Any CPU.ActiveCfg = Debug|Any CPU
		{C426C9D1-8857-4E52-BAC7-4C05EE6070AB}.Nsis|Any CPU.Build.0 = Debug|Any CPU
		{C426C9D1-8857-4E52-BAC7-4C05EE6070AB}.Release|Any CPU.ActiveCfg = Release|Any CPU
		{C426C9D1-8857-4E52-BAC7-4C05EE6070AB}.Release|Any CPU.Build.0 = Release|Any CPU
		{DABC58D2-6B22-49D3-9541-49B1B0B31D9E}.Debug|Any CPU.ActiveCfg = Debug|Any CPU
		{DABC58D2-6B22-49D3-9541-49B1B0B31D9E}.Debug|Any CPU.Build.0 = Debug|Any CPU
		{DABC58D2-6B22-49D3-9541-49B1B0B31D9E}.Documentation|Any CPU.ActiveCfg = Debug|Any CPU
		{DABC58D2-6B22-49D3-9541-49B1B0B31D9E}.Documentation|Any CPU.Build.0 = Debug|Any CPU
		{DABC58D2-6B22-49D3-9541-49B1B0B31D9E}.Nsis|Any CPU.ActiveCfg = Debug|Any CPU
		{DABC58D2-6B22-49D3-9541-49B1B0B31D9E}.Nsis|Any CPU.Build.0 = Debug|Any CPU
		{DABC58D2-6B22-49D3-9541-49B1B0B31D9E}.Release|Any CPU.ActiveCfg = Release|Any CPU
		{DABC58D2-6B22-49D3-9541-49B1B0B31D9E}.Release|Any CPU.Build.0 = Release|Any CPU
	EndGlobalSection
	GlobalSection(MonoDevelopProperties) = preSolution
		StartupItem = OpenTK.iOS.SDL2\OpenTK.iOS.SDL2.csproj
	EndGlobalSection
EndGlobal
