Microsoft Visual Studio Solution File, Format Version 11.00
# Visual Studio 2012
VisualStudioVersion = 12.0.21005.1
MinimumVisualStudioVersion = 10.0.40219.1
Project("{2150E333-8FDC-42A3-9474-1A3956D46DE8}") = "Samples", "Samples", "{F996B9B4-40DC-4192-A98E-E7BD1D041EAC}"
EndProject
Project("{FAE04EC0-301F-11D3-BF4B-00C04F79EFBC}") = "ES11", "Samples\ES11\ES11.csproj", "{CD6D4670-2135-4F9C-A171-B7BA9060E65D}"
EndProject
Project("{FAE04EC0-301F-11D3-BF4B-00C04F79EFBC}") = "Build.UpdateVersion", "..\..\Source\Build.UpdateVersion\Build.UpdateVersion.csproj", "{75DC22B1-113F-4A66-96B9-2FF8208C10E8}"
EndProject
Project("{FAE04EC0-301F-11D3-BF4B-00C04F79EFBC}") = "Generator.Rewrite", "..\..\Source\Generator.Rewrite\Generator.Rewrite.csproj", "{C426C9D1-8857-4E52-BAC7-4C05EE6070AB}"
	ProjectSection(ProjectDependencies) = postProject
		{75DC22B1-113F-4A66-96B9-2FF8208C10E8} = {75DC22B1-113F-4A66-96B9-2FF8208C10E8}
	EndProjectSection
EndProject
Project("{FAE04EC0-301F-11D3-BF4B-00C04F79EFBC}") = "OpenTK.Android.SDL2", "OpenTK.Android.SDL2.csproj", "{A00D026E-E230-499C-AA18-C995C0A88056}"
	ProjectSection(ProjectDependencies) = postProject
		{75DC22B1-113F-4A66-96B9-2FF8208C10E8} = {75DC22B1-113F-4A66-96B9-2FF8208C10E8}
		{C426C9D1-8857-4E52-BAC7-4C05EE6070AB} = {C426C9D1-8857-4E52-BAC7-4C05EE6070AB}
	EndProjectSection
EndProject
Global
	GlobalSection(SolutionConfigurationPlatforms) = preSolution
		Debug|Any CPU = Debug|Any CPU
		Documentation|Any CPU = Documentation|Any CPU
		Nsis|Any CPU = Nsis|Any CPU
		Release|Any CPU = Release|Any CPU
	EndGlobalSection
	GlobalSection(ProjectConfigurationPlatforms) = postSolution
		{CD6D4670-2135-4F9C-A171-B7BA9060E65D}.Debug|Any CPU.ActiveCfg = Debug|Any CPU
		{CD6D4670-2135-4F9C-A171-B7BA9060E65D}.Debug|Any CPU.Build.0 = Debug|Any CPU
		{CD6D4670-2135-4F9C-A171-B7BA9060E65D}.Documentation|Any CPU.ActiveCfg = Release|Any CPU
		{CD6D4670-2135-4F9C-A171-B7BA9060E65D}.Documentation|Any CPU.Build.0 = Release|Any CPU
		{CD6D4670-2135-4F9C-A171-B7BA9060E65D}.Nsis|Any CPU.ActiveCfg = Release|Any CPU
		{CD6D4670-2135-4F9C-A171-B7BA9060E65D}.Nsis|Any CPU.Build.0 = Release|Any CPU
		{CD6D4670-2135-4F9C-A171-B7BA9060E65D}.Release|Any CPU.ActiveCfg = Release|Any CPU
		{CD6D4670-2135-4F9C-A171-B7BA9060E65D}.Release|Any CPU.Build.0 = Release|Any CPU
		{75DC22B1-113F-4A66-96B9-2FF8208C10E8}.Debug|Any CPU.ActiveCfg = Debug|Any CPU
		{75DC22B1-113F-4A66-96B9-2FF8208C10E8}.Debug|Any CPU.Build.0 = Debug|Any CPU
		{75DC22B1-113F-4A66-96B9-2FF8208C10E8}.Documentation|Any CPU.ActiveCfg = Documentation|Any CPU
		{75DC22B1-113F-4A66-96B9-2FF8208C10E8}.Documentation|Any CPU.Build.0 = Documentation|Any CPU
		{75DC22B1-113F-4A66-96B9-2FF8208C10E8}.Nsis|Any CPU.ActiveCfg = Nsis|Any CPU
		{75DC22B1-113F-4A66-96B9-2FF8208C10E8}.Nsis|Any CPU.Build.0 = Nsis|Any CPU
		{75DC22B1-113F-4A66-96B9-2FF8208C10E8}.Release|Any CPU.ActiveCfg = Release|Any CPU
		{75DC22B1-113F-4A66-96B9-2FF8208C10E8}.Release|Any CPU.Build.0 = Release|Any CPU
		{C426C9D1-8857-4E52-BAC7-4C05EE6070AB}.Debug|Any CPU.ActiveCfg = Debug|Any CPU
		{C426C9D1-8857-4E52-BAC7-4C05EE6070AB}.Debug|Any CPU.Build.0 = Debug|Any CPU
		{C426C9D1-8857-4E52-BAC7-4C05EE6070AB}.Documentation|Any CPU.ActiveCfg = Release|Any CPU
		{C426C9D1-8857-4E52-BAC7-4C05EE6070AB}.Documentation|Any CPU.Build.0 = Release|Any CPU
		{C426C9D1-8857-4E52-BAC7-4C05EE6070AB}.Nsis|Any CPU.ActiveCfg = Release|Any CPU
		{C426C9D1-8857-4E52-BAC7-4C05EE6070AB}.Nsis|Any CPU.Build.0 = Release|Any CPU
		{C426C9D1-8857-4E52-BAC7-4C05EE6070AB}.Release|Any CPU.ActiveCfg = Release|Any CPU
		{C426C9D1-8857-4E52-BAC7-4C05EE6070AB}.Release|Any CPU.Build.0 = Release|Any CPU
		{A00D026E-E230-499C-AA18-C995C0A88056}.Debug|Any CPU.ActiveCfg = Debug|Any CPU
		{A00D026E-E230-499C-AA18-C995C0A88056}.Debug|Any CPU.Build.0 = Debug|Any CPU
		{A00D026E-E230-499C-AA18-C995C0A88056}.Documentation|Any CPU.ActiveCfg = Release|Any CPU
		{A00D026E-E230-499C-AA18-C995C0A88056}.Documentation|Any CPU.Build.0 = Release|Any CPU
		{A00D026E-E230-499C-AA18-C995C0A88056}.Nsis|Any CPU.ActiveCfg = Release|Any CPU
		{A00D026E-E230-499C-AA18-C995C0A88056}.Nsis|Any CPU.Build.0 = Release|Any CPU
		{A00D026E-E230-499C-AA18-C995C0A88056}.Release|Any CPU.ActiveCfg = Release|Any CPU
		{A00D026E-E230-499C-AA18-C995C0A88056}.Release|Any CPU.Build.0 = Release|Any CPU
	EndGlobalSection
	GlobalSection(SolutionProperties) = preSolution
		HideSolutionNode = FALSE
	EndGlobalSection
	GlobalSection(NestedProjects) = preSolution
		{CD6D4670-2135-4F9C-A171-B7BA9060E65D} = {F996B9B4-40DC-4192-A98E-E7BD1D041EAC}
	EndGlobalSection
	GlobalSection(MonoDevelopProperties) = preSolution
		StartupItem = Samples\ES11\ES11.csproj
	EndGlobalSection
EndGlobal
